// !$*UTF8*$!
{
	archiveVersion = 1;
	classes = {
	};
	objectVersion = 48;
	objects = {

/* Begin PBXBuildFile section */
		F4421399204E34CE00780120 /* AppDelegate.m in Sources */ = {isa = PBXBuildFile; fileRef = F4421398204E34CE00780120 /* AppDelegate.m */; };
		F442139C204E34CE00780120 /* ViewController.m in Sources */ = {isa = PBXBuildFile; fileRef = F442139B204E34CE00780120 /* ViewController.m */; };
		F442139F204E34CE00780120 /* Main.storyboard in Resources */ = {isa = PBXBuildFile; fileRef = F442139D204E34CE00780120 /* Main.storyboard */; };
		F44213A1204E34CF00780120 /* Assets.xcassets in Resources */ = {isa = PBXBuildFile; fileRef = F44213A0204E34CF00780120 /* Assets.xcassets */; };
		F44213A4204E34CF00780120 /* LaunchScreen.storyboard in Resources */ = {isa = PBXBuildFile; fileRef = F44213A2204E34CF00780120 /* LaunchScreen.storyboard */; };
		F44213A7204E34CF00780120 /* main.m in Sources */ = {isa = PBXBuildFile; fileRef = F44213A6204E34CF00780120 /* main.m */; };
		F44213AF204E357000780120 /* SnapViewController.m in Sources */ = {isa = PBXBuildFile; fileRef = F44213AE204E357000780120 /* SnapViewController.m */; };
/* End PBXBuildFile section */

/* Begin PBXFileReference section */
		F4421394204E34CD00780120 /* SnapView.app */ = {isa = PBXFileReference; explicitFileType = wrapper.application; includeInIndex = 0; path = SnapView.app; sourceTree = BUILT_PRODUCTS_DIR; };
		F4421397204E34CE00780120 /* AppDelegate.h */ = {isa = PBXFileReference; lastKnownFileType = sourcecode.c.h; path = AppDelegate.h; sourceTree = "<group>"; };
		F4421398204E34CE00780120 /* AppDelegate.m */ = {isa = PBXFileReference; lastKnownFileType = sourcecode.c.objc; path = AppDelegate.m; sourceTree = "<group>"; };
		F442139A204E34CE00780120 /* ViewController.h */ = {isa = PBXFileReference; lastKnownFileType = sourcecode.c.h; path = ViewController.h; sourceTree = "<group>"; };
		F442139B204E34CE00780120 /* ViewController.m */ = {isa = PBXFileReference; lastKnownFileType = sourcecode.c.objc; path = ViewController.m; sourceTree = "<group>"; };
		F442139E204E34CE00780120 /* Base */ = {isa = PBXFileReference; lastKnownFileType = file.storyboard; name = Base; path = Base.lproj/Main.storyboard; sourceTree = "<group>"; };
		F44213A0204E34CF00780120 /* Assets.xcassets */ = {isa = PBXFileReference; lastKnownFileType = folder.assetcatalog; path = Assets.xcassets; sourceTree = "<group>"; };
		F44213A3204E34CF00780120 /* Base */ = {isa = PBXFileReference; lastKnownFileType = file.storyboard; name = Base; path = Base.lproj/LaunchScreen.storyboard; sourceTree = "<group>"; };
		F44213A5204E34CF00780120 /* Info.plist */ = {isa = PBXFileReference; lastKnownFileType = text.plist.xml; path = Info.plist; sourceTree = "<group>"; };
		F44213A6204E34CF00780120 /* main.m */ = {isa = PBXFileReference; lastKnownFileType = sourcecode.c.objc; path = main.m; sourceTree = "<group>"; };
		F44213AD204E357000780120 /* SnapViewController.h */ = {isa = PBXFileReference; fileEncoding = 4; lastKnownFileType = sourcecode.c.h; path = SnapViewController.h; sourceTree = "<group>"; };
		F44213AE204E357000780120 /* SnapViewController.m */ = {isa = PBXFileReference; fileEncoding = 4; lastKnownFileType = sourcecode.c.objc; path = SnapViewController.m; sourceTree = "<group>"; };
/* End PBXFileReference section */

/* Begin PBXFrameworksBuildPhase section */
		F4421391204E34CD00780120 /* Frameworks */ = {
			isa = PBXFrameworksBuildPhase;
			buildActionMask = 2147483647;
			files = (
			);
			runOnlyForDeploymentPostprocessing = 0;
		};
/* End PBXFrameworksBuildPhase section */

/* Begin PBXGroup section */
		F442138B204E34CD00780120 = {
			isa = PBXGroup;
			children = (
				F4421396204E34CD00780120 /* SnapView */,
				F4421395204E34CD00780120 /* Products */,
			);
			sourceTree = "<group>";
		};
		F4421395204E34CD00780120 /* Products */ = {
			isa = PBXGroup;
			children = (
				F4421394204E34CD00780120 /* SnapView.app */,
			);
			name = Products;
			sourceTree = "<group>";
		};
		F4421396204E34CD00780120 /* SnapView */ = {
			isa = PBXGroup;
			children = (
				F44213AD204E357000780120 /* SnapViewController.h */,
				F44213AE204E357000780120 /* SnapViewController.m */,
				F4421397204E34CE00780120 /* AppDelegate.h */,
				F4421398204E34CE00780120 /* AppDelegate.m */,
				F442139A204E34CE00780120 /* ViewController.h */,
				F442139B204E34CE00780120 /* ViewController.m */,
				F442139D204E34CE00780120 /* Main.storyboard */,
				F44213A0204E34CF00780120 /* Assets.xcassets */,
				F44213A2204E34CF00780120 /* LaunchScreen.storyboard */,
				F44213A5204E34CF00780120 /* Info.plist */,
				F44213A6204E34CF00780120 /* main.m */,
			);
			path = SnapView;
			sourceTree = "<group>";
		};
/* End PBXGroup section */

/* Begin PBXNativeTarget section */
		F4421393204E34CD00780120 /* SnapView */ = {
			isa = PBXNativeTarget;
			buildConfigurationList = F44213AA204E34CF00780120 /* Build configuration list for PBXNativeTarget "SnapView" */;
			buildPhases = (
				F4421390204E34CD00780120 /* Sources */,
				F4421391204E34CD00780120 /* Frameworks */,
				F4421392204E34CD00780120 /* Resources */,
			);
			buildRules = (
			);
			dependencies = (
			);
			name = SnapView;
			productName = SnapView;
			productReference = F4421394204E34CD00780120 /* SnapView.app */;
			productType = "com.apple.product-type.application";
		};
/* End PBXNativeTarget section */

/* Begin PBXProject section */
		F442138C204E34CD00780120 /* Project object */ = {
			isa = PBXProject;
			attributes = {
				LastUpgradeCheck = 0900;
				ORGANIZATIONNAME = home;
				TargetAttributes = {
					F4421393204E34CD00780120 = {
						CreatedOnToolsVersion = 9.0.1;
						ProvisioningStyle = Automatic;
					};
				};
			};
			buildConfigurationList = F442138F204E34CD00780120 /* Build configuration list for PBXProject "SnapView" */;
			compatibilityVersion = "Xcode 8.0";
			developmentRegion = en;
			hasScannedForEncodings = 0;
			knownRegions = (
				en,
				Base,
			);
			mainGroup = F442138B204E34CD00780120;
			productRefGroup = F4421395204E34CD00780120 /* Products */;
			projectDirPath = "";
			projectRoot = "";
			targets = (
				F4421393204E34CD00780120 /* SnapView */,
			);
		};
/* End PBXProject section */

/* Begin PBXResourcesBuildPhase section */
		F4421392204E34CD00780120 /* Resources */ = {
			isa = PBXResourcesBuildPhase;
			buildActionMask = 2147483647;
			files = (
				F44213A4204E34CF00780120 /* LaunchScreen.storyboard in Resources */,
				F44213A1204E34CF00780120 /* Assets.xcassets in Resources */,
				F442139F204E34CE00780120 /* Main.storyboard in Resources */,
			);
			runOnlyForDeploymentPostprocessing = 0;
		};
/* End PBXResourcesBuildPhase section */

/* Begin PBXSourcesBuildPhase section */
		F4421390204E34CD00780120 /* Sources */ = {
			isa = PBXSourcesBuildPhase;
			buildActionMask = 2147483647;
			files = (
				F44213AF204E357000780120 /* SnapViewController.m in Sources */,
				F442139C204E34CE00780120 /* ViewController.m in Sources */,
				F44213A7204E34CF00780120 /* main.m in Sources */,
				F4421399204E34CE00780120 /* AppDelegate.m in Sources */,
			);
			runOnlyForDeploymentPostprocessing = 0;
		};
/* End PBXSourcesBuildPhase section */

/* Begin PBXVariantGroup section */
		F442139D204E34CE00780120 /* Main.storyboard */ = {
			isa = PBXVariantGroup;
			children = (
				F442139E204E34CE00780120 /* Base */,
			);
			name = Main.storyboard;
			sourceTree = "<group>";
		};
		F44213A2204E34CF00780120 /* LaunchScreen.storyboard */ = {
			isa = PBXVariantGroup;
			children = (
				F44213A3204E34CF00780120 /* Base */,
			);
			name = LaunchScreen.storyboard;
			sourceTree = "<group>";
		};
/* End PBXVariantGroup section */

/* Begin XCBuildConfiguration section */
		F44213A8204E34CF00780120 /* Debug */ = {
			isa = XCBuildConfiguration;
			buildSettings = {
				ALWAYS_SEARCH_USER_PATHS = NO;
				CLANG_ANALYZER_NONNULL = YES;
				CLANG_ANALYZER_NUMBER_OBJECT_CONVERSION = YES_AGGRESSIVE;
				CLANG_CXX_LANGUAGE_STANDARD = "gnu++14";
				CLANG_CXX_LIBRARY = "libc++";
				CLANG_ENABLE_MODULES = YES;
				CLANG_ENABLE_OBJC_ARC = YES;
				CLANG_WARN_BLOCK_CAPTURE_AUTORELEASING = YES;
				CLANG_WARN_BOOL_CONVERSION = YES;
				CLANG_WARN_COMMA = YES;
				CLANG_WARN_CONSTANT_CONVERSION = YES;
				CLANG_WARN_DIRECT_OBJC_ISA_USAGE = YES_ERROR;
				CLANG_WARN_DOCUMENTATION_COMMENTS = YES;
				CLANG_WARN_EMPTY_BODY = YES;
				CLANG_WARN_ENUM_CONVERSION = YES;
				CLANG_WARN_INFINITE_RECURSION = YES;
				CLANG_WARN_INT_CONVERSION = YES;
				CLANG_WARN_NON_LITERAL_NULL_CONVERSION = YES;
				CLANG_WARN_OBJC_LITERAL_CONVERSION = YES;
				CLANG_WARN_OBJC_ROOT_CLASS = YES_ERROR;
				CLANG_WARN_RANGE_LOOP_ANALYSIS = YES;
				CLANG_WARN_STRICT_PROTOTYPES = YES;
				CLANG_WARN_SUSPICIOUS_MOVE = YES;
				CLANG_WARN_UNGUARDED_AVAILABILITY = YES_AGGRESSIVE;
				CLANG_WARN_UNREACHABLE_CODE = YES;
				CLANG_WARN__DUPLICATE_METHOD_MATCH = YES;
				CODE_SIGN_IDENTITY = "iPhone Developer";
				COPY_PHASE_STRIP = NO;
				DEBUG_INFORMATION_FORMAT = dwarf;
				ENABLE_STRICT_OBJC_MSGSEND = YES;
				ENABLE_TESTABILITY = YES;
				GCC_C_LANGUAGE_STANDARD = gnu11;
				GCC_DYNAMIC_NO_PIC = NO;
				GCC_NO_COMMON_BLOCKS = YES;
				GCC_OPTIMIZATION_LEVEL = 0;
				GCC_PREPROCESSOR_DEFINITIONS = (
					"DEBUG=1",
					"$(inherited)",
				);
				GCC_WARN_64_TO_32_BIT_CONVERSION = YES;
				GCC_WARN_ABOUT_RETURN_TYPE = YES_ERROR;
				GCC_WARN_UNDECLARED_SELECTOR = YES;
				GCC_WARN_UNINITIALIZED_AUTOS = YES_AGGRESSIVE;
				GCC_WARN_UNUSED_FUNCTION = YES;
				GCC_WARN_UNUSED_VARIABLE = YES;
				IPHONEOS_DEPLOYMENT_TARGET = 11.0;
				MTL_ENABLE_DEBUG_INFO = YES;
				ONLY_ACTIVE_ARCH = YES;
				SDKROOT = iphoneos;
			};
			name = Debug;
		};
		F44213A9204E34CF00780120 /* Release */ = {
			isa = XCBuildConfiguration;
			buildSettings = {
				ALWAYS_SEARCH_USER_PATHS = NO;
				CLANG_ANALYZER_NONNULL = YES;
				CLANG_ANALYZER_NUMBER_OBJECT_CONVERSION = YES_AGGRESSIVE;
				CLANG_CXX_LANGUAGE_STANDARD = "gnu++14";
				CLANG_CXX_LIBRARY = "libc++";
				CLANG_ENABLE_MODULES = YES;
				CLANG_ENABLE_OBJC_ARC = YES;
				CLANG_WARN_BLOCK_CAPTURE_AUTORELEASING = YES;
				CLANG_WARN_BOOL_CONVERSION = YES;
				CLANG_WARN_COMMA = YES;
				CLANG_WARN_CONSTANT_CONVERSION = YES;
				CLANG_WARN_DIRECT_OBJC_ISA_USAGE = YES_ERROR;
				CLANG_WARN_DOCUMENTATION_COMMENTS = YES;
				CLANG_WARN_EMPTY_BODY = YES;
				CLANG_WARN_ENUM_CONVERSION = YES;
				CLANG_WARN_INFINITE_RECURSION = YES;
				CLANG_WARN_INT_CONVERSION = YES;
				CLANG_WARN_NON_LITERAL_NULL_CONVERSION = YES;
				CLANG_WARN_OBJC_LITERAL_CONVERSION = YES;
				CLANG_WARN_OBJC_ROOT_CLASS = YES_ERROR;
				CLANG_WARN_RANGE_LOOP_ANALYSIS = YES;
				CLANG_WARN_STRICT_PROTOTYPES = YES;
				CLANG_WARN_SUSPICIOUS_MOVE = YES;
				CLANG_WARN_UNGUARDED_AVAILABILITY = YES_AGGRESSIVE;
				CLANG_WARN_UNREACHABLE_CODE = YES;
				CLANG_WARN__DUPLICATE_METHOD_MATCH = YES;
				CODE_SIGN_IDENTITY = "iPhone Developer";
				COPY_PHASE_STRIP = NO;
				DEBUG_INFORMATION_FORMAT = "dwarf-with-dsym";
				ENABLE_NS_ASSERTIONS = NO;
				ENABLE_STRICT_OBJC_MSGSEND = YES;
				GCC_C_LANGUAGE_STANDARD = gnu11;
				GCC_NO_COMMON_BLOCKS = YES;
				GCC_WARN_64_TO_32_BIT_CONVERSION = YES;
				GCC_WARN_ABOUT_RETURN_TYPE = YES_ERROR;
				GCC_WARN_UNDECLARED_SELECTOR = YES;
				GCC_WARN_UNINITIALIZED_AUTOS = YES_AGGRESSIVE;
				GCC_WARN_UNUSED_FUNCTION = YES;
				GCC_WARN_UNUSED_VARIABLE = YES;
				IPHONEOS_DEPLOYMENT_TARGET = 11.0;
				MTL_ENABLE_DEBUG_INFO = NO;
				SDKROOT = iphoneos;
				VALIDATE_PRODUCT = YES;
			};
			name = Release;
		};
		F44213AB204E34CF00780120 /* Debug */ = {
			isa = XCBuildConfiguration;
			buildSettings = {
				ASSETCATALOG_COMPILER_APPICON_NAME = AppIcon;
				CODE_SIGN_STYLE = Automatic;
				INFOPLIST_FILE = SnapView/Info.plist;
				LD_RUNPATH_SEARCH_PATHS = "$(inherited) @executable_path/Frameworks";
				PRODUCT_BUNDLE_IDENTIFIER = com.peng.SnapView;
				PRODUCT_NAME = "$(TARGET_NAME)";
				TARGETED_DEVICE_FAMILY = "1,2";
			};
			name = Debug;
		};
		F44213AC204E34CF00780120 /* Release */ = {
			isa = XCBuildConfiguration;
			buildSettings = {
				ASSETCATALOG_COMPILER_APPICON_NAME = AppIcon;
				CODE_SIGN_STYLE = Automatic;
				INFOPLIST_FILE = SnapView/Info.plist;
				LD_RUNPATH_SEARCH_PATHS = "$(inherited) @executable_path/Frameworks";
				PRODUCT_BUNDLE_IDENTIFIER = com.peng.SnapView;
				PRODUCT_NAME = "$(TARGET_NAME)";
				TARGETED_DEVICE_FAMILY = "1,2";
			};
			name = Release;
		};
/* End XCBuildConfiguration section */

/* Begin XCConfigurationList section */
		F442138F204E34CD00780120 /* Build configuration list for PBXProject "SnapView" */ = {
			isa = XCConfigurationList;
			buildConfigurations = (
				F44213A8204E34CF00780120 /* Debug */,
				F44213A9204E34CF00780120 /* Release */,
			);
			defaultConfigurationIsVisible = 0;
			defaultConfigurationName = Release;
		};
		F44213AA204E34CF00780120 /* Build configuration list for PBXNativeTarget "SnapView" */ = {
			isa = XCConfigurationList;
			buildConfigurations = (
				F44213AB204E34CF00780120 /* Debug */,
				F44213AC204E34CF00780120 /* Release */,
			);
			defaultConfigurationIsVisible = 0;
			defaultConfigurationName = Release;
		};
/* End XCConfigurationList section */
	};
	rootObject = F442138C204E34CD00780120 /* Project object */;
}
